lockfileVersion: '9.0'

settings:
  autoInstallPeers: true
  excludeLinksFromLockfile: false

importers:

  .:
    dependencies:
      dayjs:
        specifier: ^1.11.19
        version: 1.11.19
      tdesign-miniprogram:
        specifier: 1.12.0-beta
        version: 1.12.0-beta

packages:

  dayjs@1.11.19:
    resolution: {integrity: sha512-t5EcLVS6QPBNqM2z8fakk/NKel+Xzshgt8FFKAn+qwlD1pzZWxh0nVCrvFK7ZDb6XucZeF9z8C7CBWTRIVApAw==}

  tdesign-miniprogram@1.12.0-beta:
    resolution: {integrity: sha512-Ij+qsWiQMSdeGk9kMezrzzId+aZ/aMldf2yzunEDj4Dzopa66qIrjKniuTaa3T+CagM4wcbg9aYtMNWkZcqvfQ==}

snapshots:

  dayjs@1.11.19: {}

  tdesign-miniprogram@1.12.0-beta: {}
